// !$*UTF8*$!
{
	archiveVersion = 1;
	classes = {
	};
	objectVersion = 46;
	objects = {

/* Begin PBXBuildFile section */
		87DA5E231D59C5F900B89F86 /* AppDelegate.swift in Sources */ = {isa = PBXBuildFile; fileRef = 87DA5E221D59C5F900B89F86 /* AppDelegate.swift */; };
		87DA5E251D59C5F900B89F86 /* ViewController.swift in Sources */ = {isa = PBXBuildFile; fileRef = 87DA5E241D59C5F900B89F86 /* ViewController.swift */; };
		87DA5E281D59C5F900B89F86 /* Main.storyboard in Resources */ = {isa = PBXBuildFile; fileRef = 87DA5E261D59C5F900B89F86 /* Main.storyboard */; };
		87DA5E2B1D59C5F900B89F86 /* GameHandle_swift.xcdatamodeld in Sources */ = {isa = PBXBuildFile; fileRef = 87DA5E291D59C5F900B89F86 /* GameHandle_swift.xcdatamodeld */; };
		87DA5E2D1D59C5F900B89F86 /* Assets.xcassets in Resources */ = {isa = PBXBuildFile; fileRef = 87DA5E2C1D59C5F900B89F86 /* Assets.xcassets */; };
		87DA5E301D59C5F900B89F86 /* LaunchScreen.storyboard in Resources */ = {isa = PBXBuildFile; fileRef = 87DA5E2E1D59C5F900B89F86 /* LaunchScreen.storyboard */; };
		87DA5E3B1D59C5F900B89F86 /* GameHandle_swiftTests.swift in Sources */ = {isa = PBXBuildFile; fileRef = 87DA5E3A1D59C5F900B89F86 /* GameHandle_swiftTests.swift */; };
		87DA5E461D59C5F900B89F86 /* GameHandle_swiftUITests.swift in Sources */ = {isa = PBXBuildFile; fileRef = 87DA5E451D59C5F900B89F86 /* GameHandle_swiftUITests.swift */; };
/* End PBXBuildFile section */

/* Begin PBXContainerItemProxy section */
		87DA5E371D59C5F900B89F86 /* PBXContainerItemProxy */ = {
			isa = PBXContainerItemProxy;
			containerPortal = 87DA5E171D59C5F500B89F86 /* Project object */;
			proxyType = 1;
			remoteGlobalIDString = 87DA5E1E1D59C5F500B89F86;
			remoteInfo = GameHandle.swift;
		};
		87DA5E421D59C5F900B89F86 /* PBXContainerItemProxy */ = {
			isa = PBXContainerItemProxy;
			containerPortal = 87DA5E171D59C5F500B89F86 /* Project object */;
			proxyType = 1;
			remoteGlobalIDString = 87DA5E1E1D59C5F500B89F86;
			remoteInfo = GameHandle.swift;
		};
/* End PBXContainerItemProxy section */

/* Begin PBXFileReference section */
		87DA5E1F1D59C5F800B89F86 /* GameHandle.swift.app */ = {isa = PBXFileReference; explicitFileType = wrapper.application; includeInIndex = 0; path = GameHandle.swift.app; sourceTree = BUILT_PRODUCTS_DIR; };
		87DA5E221D59C5F900B89F86 /* AppDelegate.swift */ = {isa = PBXFileReference; lastKnownFileType = sourcecode.swift; path = AppDelegate.swift; sourceTree = "<group>"; };
		87DA5E241D59C5F900B89F86 /* ViewController.swift */ = {isa = PBXFileReference; lastKnownFileType = sourcecode.swift; path = ViewController.swift; sourceTree = "<group>"; };
		87DA5E271D59C5F900B89F86 /* Base */ = {isa = PBXFileReference; lastKnownFileType = file.storyboard; name = Base; path = Base.lproj/Main.storyboard; sourceTree = "<group>"; };
		87DA5E2A1D59C5F900B89F86 /* GameHandle_swift.xcdatamodel */ = {isa = PBXFileReference; lastKnownFileType = wrapper.xcdatamodel; path = GameHandle_swift.xcdatamodel; sourceTree = "<group>"; };
		87DA5E2C1D59C5F900B89F86 /* Assets.xcassets */ = {isa = PBXFileReference; lastKnownFileType = folder.assetcatalog; path = Assets.xcassets; sourceTree = "<group>"; };
		87DA5E2F1D59C5F900B89F86 /* Base */ = {isa = PBXFileReference; lastKnownFileType = file.storyboard; name = Base; path = Base.lproj/LaunchScreen.storyboard; sourceTree = "<group>"; };
		87DA5E311D59C5F900B89F86 /* Info.plist */ = {isa = PBXFileReference; lastKnownFileType = text.plist.xml; path = Info.plist; sourceTree = "<group>"; };
		87DA5E361D59C5F900B89F86 /* GameHandle.swiftTests.xctest */ = {isa = PBXFileReference; explicitFileType = wrapper.cfbundle; includeInIndex = 0; path = GameHandle.swiftTests.xctest; sourceTree = BUILT_PRODUCTS_DIR; };
		87DA5E3A1D59C5F900B89F86 /* GameHandle_swiftTests.swift */ = {isa = PBXFileReference; lastKnownFileType = sourcecode.swift; path = GameHandle_swiftTests.swift; sourceTree = "<group>"; };
		87DA5E3C1D59C5F900B89F86 /* Info.plist */ = {isa = PBXFileReference; lastKnownFileType = text.plist.xml; path = Info.plist; sourceTree = "<group>"; };
		87DA5E411D59C5F900B89F86 /* GameHandle.swiftUITests.xctest */ = {isa = PBXFileReference; explicitFileType = wrapper.cfbundle; includeInIndex = 0; path = GameHandle.swiftUITests.xctest; sourceTree = BUILT_PRODUCTS_DIR; };
		87DA5E451D59C5F900B89F86 /* GameHandle_swiftUITests.swift */ = {isa = PBXFileReference; lastKnownFileType = sourcecode.swift; path = GameHandle_swiftUITests.swift; sourceTree = "<group>"; };
		87DA5E471D59C5F900B89F86 /* Info.plist */ = {isa = PBXFileReference; lastKnownFileType = text.plist.xml; path = Info.plist; sourceTree = "<group>"; };
/* End PBXFileReference section */

/* Begin PBXFrameworksBuildPhase section */
		87DA5E1C1D59C5F500B89F86 /* Frameworks */ = {
			isa = PBXFrameworksBuildPhase;
			buildActionMask = 2147483647;
			files = (
			);
			runOnlyForDeploymentPostprocessing = 0;
		};
		87DA5E331D59C5F900B89F86 /* Frameworks */ = {
			isa = PBXFrameworksBuildPhase;
			buildActionMask = 2147483647;
			files = (
			);
			runOnlyForDeploymentPostprocessing = 0;
		};
		87DA5E3E1D59C5F900B89F86 /* Frameworks */ = {
			isa = PBXFrameworksBuildPhase;
			buildActionMask = 2147483647;
			files = (
			);
			runOnlyForDeploymentPostprocessing = 0;
		};
/* End PBXFrameworksBuildPhase section */

/* Begin PBXGroup section */
		87DA5E161D59C5F500B89F86 = {
			isa = PBXGroup;
			children = (
				87DA5E211D59C5F800B89F86 /* GameHandle.swift */,
				87DA5E391D59C5F900B89F86 /* GameHandle.swiftTests */,
				87DA5E441D59C5F900B89F86 /* GameHandle.swiftUITests */,
				87DA5E201D59C5F800B89F86 /* Products */,
			);
			sourceTree = "<group>";
		};
		87DA5E201D59C5F800B89F86 /* Products */ = {
			isa = PBXGroup;
			children = (
				87DA5E1F1D59C5F800B89F86 /* GameHandle.swift.app */,
				87DA5E361D59C5F900B89F86 /* GameHandle.swiftTests.xctest */,
				87DA5E411D59C5F900B89F86 /* GameHandle.swiftUITests.xctest */,
			);
			name = Products;
			sourceTree = "<group>";
		};
		87DA5E211D59C5F800B89F86 /* GameHandle.swift */ = {
			isa = PBXGroup;
			children = (
				87DA5E221D59C5F900B89F86 /* AppDelegate.swift */,
				87DA5E241D59C5F900B89F86 /* ViewController.swift */,
				87DA5E261D59C5F900B89F86 /* Main.storyboard */,
				87DA5E2C1D59C5F900B89F86 /* Assets.xcassets */,
				87DA5E2E1D59C5F900B89F86 /* LaunchScreen.storyboard */,
				87DA5E311D59C5F900B89F86 /* Info.plist */,
				87DA5E291D59C5F900B89F86 /* GameHandle_swift.xcdatamodeld */,
			);
			path = GameHandle.swift;
			sourceTree = "<group>";
		};
		87DA5E391D59C5F900B89F86 /* GameHandle.swiftTests */ = {
			isa = PBXGroup;
			children = (
				87DA5E3A1D59C5F900B89F86 /* GameHandle_swiftTests.swift */,
				87DA5E3C1D59C5F900B89F86 /* Info.plist */,
			);
			path = GameHandle.swiftTests;
			sourceTree = "<group>";
		};
		87DA5E441D59C5F900B89F86 /* GameHandle.swiftUITests */ = {
			isa = PBXGroup;
			children = (
				87DA5E451D59C5F900B89F86 /* GameHandle_swiftUITests.swift */,
				87DA5E471D59C5F900B89F86 /* Info.plist */,
			);
			path = GameHandle.swiftUITests;
			sourceTree = "<group>";
		};
/* End PBXGroup section */

/* Begin PBXNativeTarget section */
		87DA5E1E1D59C5F500B89F86 /* GameHandle.swift */ = {
			isa = PBXNativeTarget;
			buildConfigurationList = 87DA5E4A1D59C5F900B89F86 /* Build configuration list for PBXNativeTarget "GameHandle.swift" */;
			buildPhases = (
				87DA5E1B1D59C5F500B89F86 /* Sources */,
				87DA5E1C1D59C5F500B89F86 /* Frameworks */,
				87DA5E1D1D59C5F500B89F86 /* Resources */,
			);
			buildRules = (
			);
			dependencies = (
			);
			name = GameHandle.swift;
			productName = GameHandle.swift;
			productReference = 87DA5E1F1D59C5F800B89F86 /* GameHandle.swift.app */;
			productType = "com.apple.product-type.application";
		};
		87DA5E351D59C5F900B89F86 /* GameHandle.swiftTests */ = {
			isa = PBXNativeTarget;
			buildConfigurationList = 87DA5E4D1D59C5F900B89F86 /* Build configuration list for PBXNativeTarget "GameHandle.swiftTests" */;
			buildPhases = (
				87DA5E321D59C5F900B89F86 /* Sources */,
				87DA5E331D59C5F900B89F86 /* Frameworks */,
				87DA5E341D59C5F900B89F86 /* Resources */,
			);
			buildRules = (
			);
			dependencies = (
				87DA5E381D59C5F900B89F86 /* PBXTargetDependency */,
			);
			name = GameHandle.swiftTests;
			productName = GameHandle.swiftTests;
			productReference = 87DA5E361D59C5F900B89F86 /* GameHandle.swiftTests.xctest */;
			productType = "com.apple.product-type.bundle.unit-test";
		};
		87DA5E401D59C5F900B89F86 /* GameHandle.swiftUITests */ = {
			isa = PBXNativeTarget;
			buildConfigurationList = 87DA5E501D59C5F900B89F86 /* Build configuration list for PBXNativeTarget "GameHandle.swiftUITests" */;
			buildPhases = (
				87DA5E3D1D59C5F900B89F86 /* Sources */,
				87DA5E3E1D59C5F900B89F86 /* Frameworks */,
				87DA5E3F1D59C5F900B89F86 /* Resources */,
			);
			buildRules = (
			);
			dependencies = (
				87DA5E431D59C5F900B89F86 /* PBXTargetDependency */,
			);
			name = GameHandle.swiftUITests;
			productName = GameHandle.swiftUITests;
			productReference = 87DA5E411D59C5F900B89F86 /* GameHandle.swiftUITests.xctest */;
			productType = "com.apple.product-type.bundle.ui-testing";
		};
/* End PBXNativeTarget section */

/* Begin PBXProject section */
		87DA5E171D59C5F500B89F86 /* Project object */ = {
			isa = PBXProject;
			attributes = {
				LastSwiftUpdateCheck = 0800;
				LastUpgradeCheck = 0800;
				ORGANIZATIONNAME = scrum_snail;
				TargetAttributes = {
					87DA5E1E1D59C5F500B89F86 = {
						CreatedOnToolsVersion = 8.0;
						DevelopmentTeam = VGXYJ6BWCJ;
						DevelopmentTeamName = "YouDui Lu";
						ProvisioningStyle = Automatic;
					};
					87DA5E351D59C5F900B89F86 = {
						CreatedOnToolsVersion = 8.0;
						DevelopmentTeam = VGXYJ6BWCJ;
						DevelopmentTeamName = "YouDui Lu";
						ProvisioningStyle = Automatic;
						TestTargetID = 87DA5E1E1D59C5F500B89F86;
					};
					87DA5E401D59C5F900B89F86 = {
						CreatedOnToolsVersion = 8.0;
						DevelopmentTeam = VGXYJ6BWCJ;
						DevelopmentTeamName = "YouDui Lu";
						ProvisioningStyle = Automatic;
						TestTargetID = 87DA5E1E1D59C5F500B89F86;
					};
				};
			};
			buildConfigurationList = 87DA5E1A1D59C5F500B89F86 /* Build configuration list for PBXProject "GameHandle.swift" */;
			compatibilityVersion = "Xcode 3.2";
			developmentRegion = English;
			hasScannedForEncodings = 0;
			knownRegions = (
				en,
				Base,
			);
			mainGroup = 87DA5E161D59C5F500B89F86;
			productRefGroup = 87DA5E201D59C5F800B89F86 /* Products */;
			projectDirPath = "";
			projectRoot = "";
			targets = (
				87DA5E1E1D59C5F500B89F86 /* GameHandle.swift */,
				87DA5E351D59C5F900B89F86 /* GameHandle.swiftTests */,
				87DA5E401D59C5F900B89F86 /* GameHandle.swiftUITests */,
			);
		};
/* End PBXProject section */

/* Begin PBXResourcesBuildPhase section */
		87DA5E1D1D59C5F500B89F86 /* Resources */ = {
			isa = PBXResourcesBuildPhase;
			buildActionMask = 2147483647;
			files = (
				87DA5E301D59C5F900B89F86 /* LaunchScreen.storyboard in Resources */,
				87DA5E2D1D59C5F900B89F86 /* Assets.xcassets in Resources */,
				87DA5E281D59C5F900B89F86 /* Main.storyboard in Resources */,
			);
			runOnlyForDeploymentPostprocessing = 0;
		};
		87DA5E341D59C5F900B89F86 /* Resources */ = {
			isa = PBXResourcesBuildPhase;
			buildActionMask = 2147483647;
			files = (
			);
			runOnlyForDeploymentPostprocessing = 0;
		};
		87DA5E3F1D59C5F900B89F86 /* Resources */ = {
			isa = PBXResourcesBuildPhase;
			buildActionMask = 2147483647;
			files = (
			);
			runOnlyForDeploymentPostprocessing = 0;
		};
/* End PBXResourcesBuildPhase section */

/* Begin PBXSourcesBuildPhase section */
		87DA5E1B1D59C5F500B89F86 /* Sources */ = {
			isa = PBXSourcesBuildPhase;
			buildActionMask = 2147483647;
			files = (
				87DA5E251D59C5F900B89F86 /* ViewController.swift in Sources */,
				87DA5E231D59C5F900B89F86 /* AppDelegate.swift in Sources */,
				87DA5E2B1D59C5F900B89F86 /* GameHandle_swift.xcdatamodeld in Sources */,
			);
			runOnlyForDeploymentPostprocessing = 0;
		};
		87DA5E321D59C5F900B89F86 /* Sources */ = {
			isa = PBXSourcesBuildPhase;
			buildActionMask = 2147483647;
			files = (
				87DA5E3B1D59C5F900B89F86 /* GameHandle_swiftTests.swift in Sources */,
			);
			runOnlyForDeploymentPostprocessing = 0;
		};
		87DA5E3D1D59C5F900B89F86 /* Sources */ = {
			isa = PBXSourcesBuildPhase;
			buildActionMask = 2147483647;
			files = (
				87DA5E461D59C5F900B89F86 /* GameHandle_swiftUITests.swift in Sources */,
			);
			runOnlyForDeploymentPostprocessing = 0;
		};
/* End PBXSourcesBuildPhase section */

/* Begin PBXTargetDependency section */
		87DA5E381D59C5F900B89F86 /* PBXTargetDependency */ = {
			isa = PBXTargetDependency;
			target = 87DA5E1E1D59C5F500B89F86 /* GameHandle.swift */;
			targetProxy = 87DA5E371D59C5F900B89F86 /* PBXContainerItemProxy */;
		};
		87DA5E431D59C5F900B89F86 /* PBXTargetDependency */ = {
			isa = PBXTargetDependency;
			target = 87DA5E1E1D59C5F500B89F86 /* GameHandle.swift */;
			targetProxy = 87DA5E421D59C5F900B89F86 /* PBXContainerItemProxy */;
		};
/* End PBXTargetDependency section */

/* Begin PBXVariantGroup section */
		87DA5E261D59C5F900B89F86 /* Main.storyboard */ = {
			isa = PBXVariantGroup;
			children = (
				87DA5E271D59C5F900B89F86 /* Base */,
			);
			name = Main.storyboard;
			sourceTree = "<group>";
		};
		87DA5E2E1D59C5F900B89F86 /* LaunchScreen.storyboard */ = {
			isa = PBXVariantGroup;
			children = (
				87DA5E2F1D59C5F900B89F86 /* Base */,
			);
			name = LaunchScreen.storyboard;
			sourceTree = "<group>";
		};
/* End PBXVariantGroup section */

/* Begin XCBuildConfiguration section */
		87DA5E481D59C5F900B89F86 /* Debug */ = {
			isa = XCBuildConfiguration;
			buildSettings = {
				ALWAYS_SEARCH_USER_PATHS = NO;
				CLANG_ANALYZER_NONNULL = YES;
				CLANG_CXX_LANGUAGE_STANDARD = "gnu++0x";
				CLANG_CXX_LIBRARY = "libc++";
				CLANG_ENABLE_MODULES = YES;
				CLANG_ENABLE_OBJC_ARC = YES;
				CLANG_WARN_BOOL_CONVERSION = YES;
				CLANG_WARN_CONSTANT_CONVERSION = YES;
				CLANG_WARN_DIRECT_OBJC_ISA_USAGE = YES_ERROR;
				CLANG_WARN_DOCUMENTATION_COMMENTS = YES;
				CLANG_WARN_EMPTY_BODY = YES;
				CLANG_WARN_ENUM_CONVERSION = YES;
				CLANG_WARN_INT_CONVERSION = YES;
				CLANG_WARN_OBJC_ROOT_CLASS = YES_ERROR;
				CLANG_WARN_UNREACHABLE_CODE = YES;
				CLANG_WARN__DUPLICATE_METHOD_MATCH = YES;
				"CODE_SIGN_IDENTITY[sdk=iphoneos*]" = "iPhone Developer";
				COPY_PHASE_STRIP = NO;
				DEBUG_INFORMATION_FORMAT = dwarf;
				ENABLE_STRICT_OBJC_MSGSEND = YES;
				ENABLE_TESTABILITY = YES;
				GCC_C_LANGUAGE_STANDARD = gnu99;
				GCC_DYNAMIC_NO_PIC = NO;
				GCC_NO_COMMON_BLOCKS = YES;
				GCC_OPTIMIZATION_LEVEL = 0;
				GCC_PREPROCESSOR_DEFINITIONS = (
					"DEBUG=1",
					"$(inherited)",
				);
				GCC_WARN_64_TO_32_BIT_CONVERSION = YES;
				GCC_WARN_ABOUT_RETURN_TYPE = YES_ERROR;
				GCC_WARN_UNDECLARED_SELECTOR = YES;
				GCC_WARN_UNINITIALIZED_AUTOS = YES_AGGRESSIVE;
				GCC_WARN_UNUSED_FUNCTION = YES;
				GCC_WARN_UNUSED_VARIABLE = YES;
				IPHONEOS_DEPLOYMENT_TARGET = 10.0;
				MTL_ENABLE_DEBUG_INFO = YES;
				ONLY_ACTIVE_ARCH = YES;
				SDKROOT = iphoneos;
				SWIFT_ACTIVE_COMPILATION_CONDITIONS = DEBUG;
				SWIFT_OPTIMIZATION_LEVEL = "-Onone";
				TARGETED_DEVICE_FAMILY = "1,2";
			};
			name = Debug;
		};
		87DA5E491D59C5F900B89F86 /* Release */ = {
			isa = XCBuildConfiguration;
			buildSettings = {
				ALWAYS_SEARCH_USER_PATHS = NO;
				CLANG_ANALYZER_NONNULL = YES;
				CLANG_CXX_LANGUAGE_STANDARD = "gnu++0x";
				CLANG_CXX_LIBRARY = "libc++";
				CLANG_ENABLE_MODULES = YES;
				CLANG_ENABLE_OBJC_ARC = YES;
				CLANG_WARN_BOOL_CONVERSION = YES;
				CLANG_WARN_CONSTANT_CONVERSION = YES;
				CLANG_WARN_DIRECT_OBJC_ISA_USAGE = YES_ERROR;
				CLANG_WARN_DOCUMENTATION_COMMENTS = YES;
				CLANG_WARN_EMPTY_BODY = YES;
				CLANG_WARN_ENUM_CONVERSION = YES;
				CLANG_WARN_INT_CONVERSION = YES;
				CLANG_WARN_OBJC_ROOT_CLASS = YES_ERROR;
				CLANG_WARN_UNREACHABLE_CODE = YES;
				CLANG_WARN__DUPLICATE_METHOD_MATCH = YES;
				"CODE_SIGN_IDENTITY[sdk=iphoneos*]" = "iPhone Developer";
				COPY_PHASE_STRIP = NO;
				DEBUG_INFORMATION_FORMAT = "dwarf-with-dsym";
				ENABLE_NS_ASSERTIONS = NO;
				ENABLE_STRICT_OBJC_MSGSEND = YES;
				GCC_C_LANGUAGE_STANDARD = gnu99;
				GCC_NO_COMMON_BLOCKS = YES;
				GCC_WARN_64_TO_32_BIT_CONVERSION = YES;
				GCC_WARN_ABOUT_RETURN_TYPE = YES_ERROR;
				GCC_WARN_UNDECLARED_SELECTOR = YES;
				GCC_WARN_UNINITIALIZED_AUTOS = YES_AGGRESSIVE;
				GCC_WARN_UNUSED_FUNCTION = YES;
				GCC_WARN_UNUSED_VARIABLE = YES;
				IPHONEOS_DEPLOYMENT_TARGET = 10.0;
				MTL_ENABLE_DEBUG_INFO = NO;
				SDKROOT = iphoneos;
				SWIFT_OPTIMIZATION_LEVEL = "-Owholemodule";
				TARGETED_DEVICE_FAMILY = "1,2";
				VALIDATE_PRODUCT = YES;
			};
			name = Release;
		};
		87DA5E4B1D59C5F900B89F86 /* Debug */ = {
			isa = XCBuildConfiguration;
			buildSettings = {
				ASSETCATALOG_COMPILER_APPICON_NAME = AppIcon;
				INFOPLIST_FILE = GameHandle.swift/Info.plist;
				LD_RUNPATH_SEARCH_PATHS = "$(inherited) @executable_path/Frameworks";
				PRODUCT_BUNDLE_IDENTIFIER = "cn.scrum-snail.GameHandle-swift";
				PRODUCT_NAME = "$(TARGET_NAME)";
				SWIFT_VERSION = 3.0;
			};
			name = Debug;
		};
		87DA5E4C1D59C5F900B89F86 /* Release */ = {
			isa = XCBuildConfiguration;
			buildSettings = {
				ASSETCATALOG_COMPILER_APPICON_NAME = AppIcon;
				INFOPLIST_FILE = GameHandle.swift/Info.plist;
				LD_RUNPATH_SEARCH_PATHS = "$(inherited) @executable_path/Frameworks";
				PRODUCT_BUNDLE_IDENTIFIER = "cn.scrum-snail.GameHandle-swift";
				PRODUCT_NAME = "$(TARGET_NAME)";
				SWIFT_VERSION = 3.0;
			};
			name = Release;
		};
		87DA5E4E1D59C5F900B89F86 /* Debug */ = {
			isa = XCBuildConfiguration;
			buildSettings = {
				BUNDLE_LOADER = "$(TEST_HOST)";
				INFOPLIST_FILE = GameHandle.swiftTests/Info.plist;
				LD_RUNPATH_SEARCH_PATHS = "$(inherited) @executable_path/Frameworks @loader_path/Frameworks";
				PRODUCT_BUNDLE_IDENTIFIER = "cn.scrum-snail.GameHandle-swiftTests";
				PRODUCT_NAME = "$(TARGET_NAME)";
				SWIFT_VERSION = 3.0;
				TEST_HOST = "$(BUILT_PRODUCTS_DIR)/GameHandle.swift.app/GameHandle.swift";
			};
			name = Debug;
		};
		87DA5E4F1D59C5F900B89F86 /* Release */ = {
			isa = XCBuildConfiguration;
			buildSettings = {
				BUNDLE_LOADER = "$(TEST_HOST)";
				INFOPLIST_FILE = GameHandle.swiftTests/Info.plist;
				LD_RUNPATH_SEARCH_PATHS = "$(inherited) @executable_path/Frameworks @loader_path/Frameworks";
				PRODUCT_BUNDLE_IDENTIFIER = "cn.scrum-snail.GameHandle-swiftTests";
				PRODUCT_NAME = "$(TARGET_NAME)";
				SWIFT_VERSION = 3.0;
				TEST_HOST = "$(BUILT_PRODUCTS_DIR)/GameHandle.swift.app/GameHandle.swift";
			};
			name = Release;
		};
		87DA5E511D59C5F900B89F86 /* Debug */ = {
			isa = XCBuildConfiguration;
			buildSettings = {
				INFOPLIST_FILE = GameHandle.swiftUITests/Info.plist;
				LD_RUNPATH_SEARCH_PATHS = "$(inherited) @executable_path/Frameworks @loader_path/Frameworks";
				PRODUCT_BUNDLE_IDENTIFIER = "cn.scrum-snail.GameHandle-swiftUITests";
				PRODUCT_NAME = "$(TARGET_NAME)";
				SWIFT_VERSION = 3.0;
				TEST_TARGET_NAME = GameHandle.swift;
			};
			name = Debug;
		};
		87DA5E521D59C5F900B89F86 /* Release */ = {
			isa = XCBuildConfiguration;
			buildSettings = {
				INFOPLIST_FILE = GameHandle.swiftUITests/Info.plist;
				LD_RUNPATH_SEARCH_PATHS = "$(inherited) @executable_path/Frameworks @loader_path/Frameworks";
				PRODUCT_BUNDLE_IDENTIFIER = "cn.scrum-snail.GameHandle-swiftUITests";
				PRODUCT_NAME = "$(TARGET_NAME)";
				SWIFT_VERSION = 3.0;
				TEST_TARGET_NAME = GameHandle.swift;
			};
			name = Release;
		};
/* End XCBuildConfiguration section */

/* Begin XCConfigurationList section */
		87DA5E1A1D59C5F500B89F86 /* Build configuration list for PBXProject "GameHandle.swift" */ = {
			isa = XCConfigurationList;
			buildConfigurations = (
				87DA5E481D59C5F900B89F86 /* Debug */,
				87DA5E491D59C5F900B89F86 /* Release */,
			);
			defaultConfigurationIsVisible = 0;
			defaultConfigurationName = Release;
		};
		87DA5E4A1D59C5F900B89F86 /* Build configuration list for PBXNativeTarget "GameHandle.swift" */ = {
			isa = XCConfigurationList;
			buildConfigurations = (
				87DA5E4B1D59C5F900B89F86 /* Debug */,
				87DA5E4C1D59C5F900B89F86 /* Release */,
			);
			defaultConfigurationIsVisible = 0;
		};
		87DA5E4D1D59C5F900B89F86 /* Build configuration list for PBXNativeTarget "GameHandle.swiftTests" */ = {
			isa = XCConfigurationList;
			buildConfigurations = (
				87DA5E4E1D59C5F900B89F86 /* Debug */,
				87DA5E4F1D59C5F900B89F86 /* Release */,
			);
			defaultConfigurationIsVisible = 0;
		};
		87DA5E501D59C5F900B89F86 /* Build configuration list for PBXNativeTarget "GameHandle.swiftUITests" */ = {
			isa = XCConfigurationList;
			buildConfigurations = (
				87DA5E511D59C5F900B89F86 /* Debug */,
				87DA5E521D59C5F900B89F86 /* Release */,
			);
			defaultConfigurationIsVisible = 0;
		};
/* End XCConfigurationList section */

/* Begin XCVersionGroup section */
		87DA5E291D59C5F900B89F86 /* GameHandle_swift.xcdatamodeld */ = {
			isa = XCVersionGroup;
			children = (
				87DA5E2A1D59C5F900B89F86 /* GameHandle_swift.xcdatamodel */,
			);
			currentVersion = 87DA5E2A1D59C5F900B89F86 /* GameHandle_swift.xcdatamodel */;
			path = GameHandle_swift.xcdatamodeld;
			sourceTree = "<group>";
			versionGroupType = wrapper.xcdatamodel;
		};
/* End XCVersionGroup section */
	};
	rootObject = 87DA5E171D59C5F500B89F86 /* Project object */;
}
